lockfileVersion: '9.0'

settings:
  autoInstallPeers: true
  excludeLinksFromLockfile: false

importers:

  .:
    dependencies:
      '@tauri-apps/api':
        specifier: '>=2.0.0-beta.6'
        version: 2.2.0
    devDependencies:
      '@rollup/plugin-typescript':
        specifier: ^11.1.6
        version: 11.1.6(rollup@4.32.0)(tslib@2.8.1)(typescript@5.7.3)
      rollup:
        specifier: ^4.9.6
        version: 4.32.0
      tslib:
        specifier: ^2.6.2
        version: 2.8.1
      typescript:
        specifier: ^5.3.3
        version: 5.7.3

packages:

  '@rollup/plugin-typescript@11.1.6':
    resolution: {integrity: sha512-R92yOmIACgYdJ7dJ97p4K69I8gg6IEHt8M7dUBxN3W6nrO8uUxX5ixl0yU/N3aZTi8WhPuICvOHXQvF6FaykAA==}
    engines: {node: '>=14.0.0'}
    peerDependencies:
      rollup: ^2.14.0||^3.0.0||^4.0.0
      tslib: '*'
      typescript: '>=3.7.0'
    peerDependenciesMeta:
      rollup:
        optional: true
      tslib:
        optional: true

  '@rollup/pluginutils@5.1.4':
    resolution: {integrity: sha512-USm05zrsFxYLPdWWq+K3STlWiT/3ELn3RcV5hJMghpeAIhxfsUIg6mt12CBJBInWMV4VneoV7SfGv8xIwo2qNQ==}
    engines: {node: '>=14.0.0'}
    peerDependencies:
      rollup: ^1.20.0||^2.0.0||^3.0.0||^4.0.0
    peerDependenciesMeta:
      rollup:
        optional: true

  '@rollup/rollup-android-arm-eabi@4.32.0':
    resolution: {integrity: sha512-G2fUQQANtBPsNwiVFg4zKiPQyjVKZCUdQUol53R8E71J7AsheRMV/Yv/nB8giOcOVqP7//eB5xPqieBYZe9bGg==}
    cpu: [arm]
    os: [android]

  '@rollup/rollup-android-arm64@4.32.0':
    resolution: {integrity: sha512-qhFwQ+ljoymC+j5lXRv8DlaJYY/+8vyvYmVx074zrLsu5ZGWYsJNLjPPVJJjhZQpyAKUGPydOq9hRLLNvh1s3A==}
    cpu: [arm64]
    os: [android]

  '@rollup/rollup-darwin-arm64@4.32.0':
    resolution: {integrity: sha512-44n/X3lAlWsEY6vF8CzgCx+LQaoqWGN7TzUfbJDiTIOjJm4+L2Yq+r5a8ytQRGyPqgJDs3Rgyo8eVL7n9iW6AQ==}
    cpu: [arm64]
    os: [darwin]

  '@rollup/rollup-darwin-x64@4.32.0':
    resolution: {integrity: sha512-F9ct0+ZX5Np6+ZDztxiGCIvlCaW87HBdHcozUfsHnj1WCUTBUubAoanhHUfnUHZABlElyRikI0mgcw/qdEm2VQ==}
    cpu: [x64]
    os: [darwin]

  '@rollup/rollup-freebsd-arm64@4.32.0':
    resolution: {integrity: sha512-JpsGxLBB2EFXBsTLHfkZDsXSpSmKD3VxXCgBQtlPcuAqB8TlqtLcbeMhxXQkCDv1avgwNjF8uEIbq5p+Cee0PA==}
    cpu: [arm64]
    os: [freebsd]

  '@rollup/rollup-freebsd-x64@4.32.0':
    resolution: {integrity: sha512-wegiyBT6rawdpvnD9lmbOpx5Sph+yVZKHbhnSP9MqUEDX08G4UzMU+D87jrazGE7lRSyTRs6NEYHtzfkJ3FjjQ==}
    cpu: [x64]
    os: [freebsd]

  '@rollup/rollup-linux-arm-gnueabihf@4.32.0':
    resolution: {integrity: sha512-3pA7xecItbgOs1A5H58dDvOUEboG5UfpTq3WzAdF54acBbUM+olDJAPkgj1GRJ4ZqE12DZ9/hNS2QZk166v92A==}
    cpu: [arm]
    os: [linux]

  '@rollup/rollup-linux-arm-musleabihf@4.32.0':
    resolution: {integrity: sha512-Y7XUZEVISGyge51QbYyYAEHwpGgmRrAxQXO3siyYo2kmaj72USSG8LtlQQgAtlGfxYiOwu+2BdbPjzEpcOpRmQ==}
    cpu: [arm]
    os: [linux]

  '@rollup/rollup-linux-arm64-gnu@4.32.0':
    resolution: {integrity: sha512-r7/OTF5MqeBrZo5omPXcTnjvv1GsrdH8a8RerARvDFiDwFpDVDnJyByYM/nX+mvks8XXsgPUxkwe/ltaX2VH7w==}
    cpu: [arm64]
    os: [linux]

  '@rollup/rollup-linux-arm64-musl@4.32.0':
    resolution: {integrity: sha512-HJbifC9vex9NqnlodV2BHVFNuzKL5OnsV2dvTw6e1dpZKkNjPG6WUq+nhEYV6Hv2Bv++BXkwcyoGlXnPrjAKXw==}
    cpu: [arm64]
    os: [linux]

  '@rollup/rollup-linux-loongarch64-gnu@4.32.0':
    resolution: {integrity: sha512-VAEzZTD63YglFlWwRj3taofmkV1V3xhebDXffon7msNz4b14xKsz7utO6F8F4cqt8K/ktTl9rm88yryvDpsfOw==}
    cpu: [loong64]
    os: [linux]

  '@rollup/rollup-linux-powerpc64le-gnu@4.32.0':
    resolution: {integrity: sha512-Sts5DST1jXAc9YH/iik1C9QRsLcCoOScf3dfbY5i4kH9RJpKxiTBXqm7qU5O6zTXBTEZry69bGszr3SMgYmMcQ==}
    cpu: [ppc64]
    os: [linux]

  '@rollup/rollup-linux-riscv64-gnu@4.32.0':
    resolution: {integrity: sha512-qhlXeV9AqxIyY9/R1h1hBD6eMvQCO34ZmdYvry/K+/MBs6d1nRFLm6BOiITLVI+nFAAB9kUB6sdJRKyVHXnqZw==}
    cpu: [riscv64]
    os: [linux]

  '@rollup/rollup-linux-s390x-gnu@4.32.0':
    resolution: {integrity: sha512-8ZGN7ExnV0qjXa155Rsfi6H8M4iBBwNLBM9lcVS+4NcSzOFaNqmt7djlox8pN1lWrRPMRRQ8NeDlozIGx3Omsw==}
    cpu: [s390x]
    os: [linux]

  '@rollup/rollup-linux-x64-gnu@4.32.0':
    resolution: {integrity: sha512-VDzNHtLLI5s7xd/VubyS10mq6TxvZBp+4NRWoW+Hi3tgV05RtVm4qK99+dClwTN1McA6PHwob6DEJ6PlXbY83A==}
    cpu: [x64]
    os: [linux]

  '@rollup/rollup-linux-x64-musl@4.32.0':
    resolution: {integrity: sha512-qcb9qYDlkxz9DxJo7SDhWxTWV1gFuwznjbTiov289pASxlfGbaOD54mgbs9+z94VwrXtKTu+2RqwlSTbiOqxGg==}
    cpu: [x64]
    os: [linux]

  '@rollup/rollup-win32-arm64-msvc@4.32.0':
    resolution: {integrity: sha512-pFDdotFDMXW2AXVbfdUEfidPAk/OtwE/Hd4eYMTNVVaCQ6Yl8et0meDaKNL63L44Haxv4UExpv9ydSf3aSayDg==}
    cpu: [arm64]
    os: [win32]

  '@rollup/rollup-win32-ia32-msvc@4.32.0':
    resolution: {integrity: sha512-/TG7WfrCAjeRNDvI4+0AAMoHxea/USWhAzf9PVDFHbcqrQ7hMMKp4jZIy4VEjk72AAfN5k4TiSMRXRKf/0akSw==}
    cpu: [ia32]
    os: [win32]

  '@rollup/rollup-win32-x64-msvc@4.32.0':
    resolution: {integrity: sha512-5hqO5S3PTEO2E5VjCePxv40gIgyS2KvO7E7/vvC/NbIW4SIRamkMr1hqj+5Y67fbBWv/bQLB6KelBQmXlyCjWA==}
    cpu: [x64]
    os: [win32]

  '@tauri-apps/api@2.2.0':
    resolution: {integrity: sha512-R8epOeZl1eJEl603aUMIGb4RXlhPjpgxbGVEaqY+0G5JG9vzV/clNlzTeqc+NLYXVqXcn8mb4c5b9pJIUDEyAg==}

  '@types/estree@1.0.6':
    resolution: {integrity: sha512-AYnb1nQyY49te+VRAVgmzfcgjYS91mY5P0TKUDCLEM+gNnA+3T6rWITXRLYCpahpqSQbN5cE+gHpnPyXjHWxcw==}

  estree-walker@2.0.2:
    resolution: {integrity: sha512-Rfkk/Mp/DL7JVje3u18FxFujQlTNR2q6QfMSMB7AvCBx91NGj/ba3kCfza0f6dVDbw7YlRf/nDrn7pQrCCyQ/w==}

  fsevents@2.3.3:
    resolution: {integrity: sha512-5xoDfX+fL7faATnagmWPpbFtwh/R77WmMMqqHGS65C3vvB0YHrgF+B1YmZ3441tMj5n63k0212XNoJwzlhffQw==}
    engines: {node: ^8.16.0 || ^10.6.0 || >=11.0.0}
    os: [darwin]

  function-bind@1.1.2:
    resolution: {integrity: sha512-7XHNxH7qX9xG5mIwxkhumTox/MIRNcOgDrxWsMt2pAr23WHp6MrRlN7FBSFpCpr+oVO0F744iUgR82nJMfG2SA==}

  hasown@2.0.2:
    resolution: {integrity: sha512-0hJU9SCPvmMzIBdZFqNPXWa6dqh7WdH0cII9y+CyS8rG3nL48Bclra9HmKhVVUHyPWNH5Y7xDwAB7bfgSjkUMQ==}
    engines: {node: '>= 0.4'}

  is-core-module@2.16.1:
    resolution: {integrity: sha512-UfoeMA6fIJ8wTYFEUjelnaGI67v6+N7qXJEvQuIGa99l4xsCruSYOVSQ0uPANn4dAzm8lkYPaKLrrijLq7x23w==}
    engines: {node: '>= 0.4'}

  path-parse@1.0.7:
    resolution: {integrity: sha512-LDJzPVEEEPR+y48z93A0Ed0yXb8pAByGWo/k5YYdYgpY2/2EsOsksJrq7lOHxryrVOn1ejG6oAp8ahvOIQD8sw==}

  picomatch@4.0.2:
    resolution: {integrity: sha512-M7BAV6Rlcy5u+m6oPhAPFgJTzAioX/6B0DxyvDlo9l8+T3nLKbrczg2WLUyzd45L8RqfUMyGPzekbMvX2Ldkwg==}
    engines: {node: '>=12'}

  resolve@1.22.10:
    resolution: {integrity: sha512-NPRy+/ncIMeDlTAsuqwKIiferiawhefFJtkNSW0qZJEqMEb+qBt/77B/jGeeek+F0uOeN05CDa6HXbbIgtVX4w==}
    engines: {node: '>= 0.4'}
    hasBin: true

  rollup@4.32.0:
    resolution: {integrity: sha512-JmrhfQR31Q4AuNBjjAX4s+a/Pu/Q8Q9iwjWBsjRH1q52SPFE2NqRMK6fUZKKnvKO6id+h7JIRf0oYsph53eATg==}
    engines: {node: '>=18.0.0', npm: '>=8.0.0'}
    hasBin: true

  supports-preserve-symlinks-flag@1.0.0:
    resolution: {integrity: sha512-ot0WnXS9fgdkgIcePe6RHNk1WA8+muPa6cSjeR3V8K27q9BB1rTE3R1p7Hv0z1ZyAc8s6Vvv8DIyWf681MAt0w==}
    engines: {node: '>= 0.4'}

  tslib@2.8.1:
    resolution: {integrity: sha512-oJFu94HQb+KVduSUQL7wnpmqnfmLsOA/nAh6b6EH0wCEoK0/mPeXU6c3wKDV83MkOuHPRHtSXKKU99IBazS/2w==}

  typescript@5.7.3:
    resolution: {integrity: sha512-84MVSjMEHP+FQRPy3pX9sTVV/INIex71s9TL2Gm5FG/WG1SqXeKyZ0k7/blY/4FdOzI12CBy1vGc4og/eus0fw==}
    engines: {node: '>=14.17'}
    hasBin: true

snapshots:

  '@rollup/plugin-typescript@11.1.6(rollup@4.32.0)(tslib@2.8.1)(typescript@5.7.3)':
    dependencies:
      '@rollup/pluginutils': 5.1.4(rollup@4.32.0)
      resolve: 1.22.10
      typescript: 5.7.3
    optionalDependencies:
      rollup: 4.32.0
      tslib: 2.8.1

  '@rollup/pluginutils@5.1.4(rollup@4.32.0)':
    dependencies:
      '@types/estree': 1.0.6
      estree-walker: 2.0.2
      picomatch: 4.0.2
    optionalDependencies:
      rollup: 4.32.0

  '@rollup/rollup-android-arm-eabi@4.32.0':
    optional: true

  '@rollup/rollup-android-arm64@4.32.0':
    optional: true

  '@rollup/rollup-darwin-arm64@4.32.0':
    optional: true

  '@rollup/rollup-darwin-x64@4.32.0':
    optional: true

  '@rollup/rollup-freebsd-arm64@4.32.0':
    optional: true

  '@rollup/rollup-freebsd-x64@4.32.0':
    optional: true

  '@rollup/rollup-linux-arm-gnueabihf@4.32.0':
    optional: true

  '@rollup/rollup-linux-arm-musleabihf@4.32.0':
    optional: true

  '@rollup/rollup-linux-arm64-gnu@4.32.0':
    optional: true

  '@rollup/rollup-linux-arm64-musl@4.32.0':
    optional: true

  '@rollup/rollup-linux-loongarch64-gnu@4.32.0':
    optional: true

  '@rollup/rollup-linux-powerpc64le-gnu@4.32.0':
    optional: true

  '@rollup/rollup-linux-riscv64-gnu@4.32.0':
    optional: true

  '@rollup/rollup-linux-s390x-gnu@4.32.0':
    optional: true

  '@rollup/rollup-linux-x64-gnu@4.32.0':
    optional: true

  '@rollup/rollup-linux-x64-musl@4.32.0':
    optional: true

  '@rollup/rollup-win32-arm64-msvc@4.32.0':
    optional: true

  '@rollup/rollup-win32-ia32-msvc@4.32.0':
    optional: true

  '@rollup/rollup-win32-x64-msvc@4.32.0':
    optional: true

  '@tauri-apps/api@2.2.0': {}

  '@types/estree@1.0.6': {}

  estree-walker@2.0.2: {}

  fsevents@2.3.3:
    optional: true

  function-bind@1.1.2: {}

  hasown@2.0.2:
    dependencies:
      function-bind: 1.1.2

  is-core-module@2.16.1:
    dependencies:
      hasown: 2.0.2

  path-parse@1.0.7: {}

  picomatch@4.0.2: {}

  resolve@1.22.10:
    dependencies:
      is-core-module: 2.16.1
      path-parse: 1.0.7
      supports-preserve-symlinks-flag: 1.0.0

  rollup@4.32.0:
    dependencies:
      '@types/estree': 1.0.6
    optionalDependencies:
      '@rollup/rollup-android-arm-eabi': 4.32.0
      '@rollup/rollup-android-arm64': 4.32.0
      '@rollup/rollup-darwin-arm64': 4.32.0
      '@rollup/rollup-darwin-x64': 4.32.0
      '@rollup/rollup-freebsd-arm64': 4.32.0
      '@rollup/rollup-freebsd-x64': 4.32.0
      '@rollup/rollup-linux-arm-gnueabihf': 4.32.0
      '@rollup/rollup-linux-arm-musleabihf': 4.32.0
      '@rollup/rollup-linux-arm64-gnu': 4.32.0
      '@rollup/rollup-linux-arm64-musl': 4.32.0
      '@rollup/rollup-linux-loongarch64-gnu': 4.32.0
      '@rollup/rollup-linux-powerpc64le-gnu': 4.32.0
      '@rollup/rollup-linux-riscv64-gnu': 4.32.0
      '@rollup/rollup-linux-s390x-gnu': 4.32.0
      '@rollup/rollup-linux-x64-gnu': 4.32.0
      '@rollup/rollup-linux-x64-musl': 4.32.0
      '@rollup/rollup-win32-arm64-msvc': 4.32.0
      '@rollup/rollup-win32-ia32-msvc': 4.32.0
      '@rollup/rollup-win32-x64-msvc': 4.32.0
      fsevents: 2.3.3

  supports-preserve-symlinks-flag@1.0.0: {}

  tslib@2.8.1: {}

  typescript@5.7.3: {}
